
Microsoft Visual Studio Solution File, Format Version 12.00
# Visual Studio Version 16
VisualStudioVersion = 16.0.30709.132
MinimumVisualStudioVersion = 10.0.40219.1
Project("{FAE04EC0-301F-11D3-BF4B-00C04F79EFBC}") = "AddDistinctStr", "AddDistinctStr\AddDistinctStr.csproj", "{70B7BFAB-BAF8-4098-87B7-8B4FAD993D79}"
EndProject
Project("{FAE04EC0-301F-11D3-BF4B-00C04F79EFBC}") = "CapitalizeFirstLetterWord", "CapitalizeFirstLetterWord\CapitalizeFirstLetterWord.csproj", "{EFA418BC-860F-47F7-A6CB-0C9D08ADC43C}"
EndProject
Project("{FAE04EC0-301F-11D3-BF4B-00C04F79EFBC}") = "Accumul", "Accumul\Accumul.csproj", "{79C7678F-49D9-4970-B5EE-11AB7C09C8BF}"
EndProject
Project("{FAE04EC0-301F-11D3-BF4B-00C04F79EFBC}") = "ReverseSomeWords", "ReverseSomeWords\ReverseSomeWords.csproj", "{5BC64ED4-B55B-4E73-B928-F4760026DF8A}"
EndProject
Project("{FAE04EC0-301F-11D3-BF4B-00C04F79EFBC}") = "ArrayDiff", "ArrayDiff\ArrayDiff.csproj", "{EDF20702-854A-412E-9BF5-9A268C62B547}"
EndProject
Project("{FAE04EC0-301F-11D3-BF4B-00C04F79EFBC}") = "FormatPhoneNumberUS", "FormatPhoneNumberUS\FormatPhoneNumberUS.csproj", "{01196FD6-B889-4D52-9DAB-908E81C4AFA3}"
EndProject
Project("{FAE04EC0-301F-11D3-BF4B-00C04F79EFBC}") = "WeirdStringCase", "WeirdStringCase\WeirdStringCase.csproj", "{D02E529C-2F86-42DD-91EB-2582DAB6A55D}"
EndProject
Project("{FAE04EC0-301F-11D3-BF4B-00C04F79EFBC}") = "FirstNonRepeatingLetter", "FirstNonRepeatingLetter\FirstNonRepeatingLetter.csproj", "{121EC42F-B252-4DC6-A637-9A8D3C23067D}"
EndProject
Project("{FAE04EC0-301F-11D3-BF4B-00C04F79EFBC}") = "AlphanumericBasic", "AlphanumericBasic\AlphanumericBasic.csproj", "{0CCE8042-08DA-4265-AAD2-FADDA9751B65}"
EndProject
Project("{FAE04EC0-301F-11D3-BF4B-00C04F79EFBC}") = "InterestingNumbersRules", "InterestingNumbersRules\InterestingNumbersRules.csproj", "{2D7B943D-C146-44DA-AF82-E67EAA912D57}"
EndProject
Project("{FAE04EC0-301F-11D3-BF4B-00C04F79EFBC}") = "SimplePigLatin", "SimplePigLatin\SimplePigLatin.csproj", "{0DBDD3B5-92FD-456A-A4BB-5E6978B12A1A}"
EndProject
Project("{FAE04EC0-301F-11D3-BF4B-00C04F79EFBC}") = "GreedIsGood", "GreedIsGood\GreedIsGood.csproj", "{8C1ED496-C530-469D-B5F2-902197DC872F}"
EndProject
Global
	GlobalSection(SolutionConfigurationPlatforms) = preSolution
		Debug|Any CPU = Debug|Any CPU
		Release|Any CPU = Release|Any CPU
	EndGlobalSection
	GlobalSection(ProjectConfigurationPlatforms) = postSolution
		{70B7BFAB-BAF8-4098-87B7-8B4FAD993D79}.Debug|Any CPU.ActiveCfg = Debug|Any CPU
		{70B7BFAB-BAF8-4098-87B7-8B4FAD993D79}.Debug|Any CPU.Build.0 = Debug|Any CPU
		{70B7BFAB-BAF8-4098-87B7-8B4FAD993D79}.Release|Any CPU.ActiveCfg = Release|Any CPU
		{70B7BFAB-BAF8-4098-87B7-8B4FAD993D79}.Release|Any CPU.Build.0 = Release|Any CPU
		{EFA418BC-860F-47F7-A6CB-0C9D08ADC43C}.Debug|Any CPU.ActiveCfg = Debug|Any CPU
		{EFA418BC-860F-47F7-A6CB-0C9D08ADC43C}.Debug|Any CPU.Build.0 = Debug|Any CPU
		{EFA418BC-860F-47F7-A6CB-0C9D08ADC43C}.Release|Any CPU.ActiveCfg = Release|Any CPU
		{EFA418BC-860F-47F7-A6CB-0C9D08ADC43C}.Release|Any CPU.Build.0 = Release|Any CPU
		{79C7678F-49D9-4970-B5EE-11AB7C09C8BF}.Debug|Any CPU.ActiveCfg = Debug|Any CPU
		{79C7678F-49D9-4970-B5EE-11AB7C09C8BF}.Debug|Any CPU.Build.0 = Debug|Any CPU
		{79C7678F-49D9-4970-B5EE-11AB7C09C8BF}.Release|Any CPU.ActiveCfg = Release|Any CPU
		{79C7678F-49D9-4970-B5EE-11AB7C09C8BF}.Release|Any CPU.Build.0 = Release|Any CPU
		{5BC64ED4-B55B-4E73-B928-F4760026DF8A}.Debug|Any CPU.ActiveCfg = Debug|Any CPU
		{5BC64ED4-B55B-4E73-B928-F4760026DF8A}.Debug|Any CPU.Build.0 = Debug|Any CPU
		{5BC64ED4-B55B-4E73-B928-F4760026DF8A}.Release|Any CPU.ActiveCfg = Release|Any CPU
		{5BC64ED4-B55B-4E73-B928-F4760026DF8A}.Release|Any CPU.Build.0 = Release|Any CPU
		{EDF20702-854A-412E-9BF5-9A268C62B547}.Debug|Any CPU.ActiveCfg = Debug|Any CPU
		{EDF20702-854A-412E-9BF5-9A268C62B547}.Debug|Any CPU.Build.0 = Debug|Any CPU
		{EDF20702-854A-412E-9BF5-9A268C62B547}.Release|Any CPU.ActiveCfg = Release|Any CPU
		{EDF20702-854A-412E-9BF5-9A268C62B547}.Release|Any CPU.Build.0 = Release|Any CPU
		{01196FD6-B889-4D52-9DAB-908E81C4AFA3}.Debug|Any CPU.ActiveCfg = Debug|Any CPU
		{01196FD6-B889-4D52-9DAB-908E81C4AFA3}.Debug|Any CPU.Build.0 = Debug|Any CPU
		{01196FD6-B889-4D52-9DAB-908E81C4AFA3}.Release|Any CPU.ActiveCfg = Release|Any CPU
		{01196FD6-B889-4D52-9DAB-908E81C4AFA3}.Release|Any CPU.Build.0 = Release|Any CPU
		{D02E529C-2F86-42DD-91EB-2582DAB6A55D}.Debug|Any CPU.ActiveCfg = Debug|Any CPU
		{D02E529C-2F86-42DD-91EB-2582DAB6A55D}.Debug|Any CPU.Build.0 = Debug|Any CPU
		{D02E529C-2F86-42DD-91EB-2582DAB6A55D}.Release|Any CPU.ActiveCfg = Release|Any CPU
		{D02E529C-2F86-42DD-91EB-2582DAB6A55D}.Release|Any CPU.Build.0 = Release|Any CPU
		{121EC42F-B252-4DC6-A637-9A8D3C23067D}.Debug|Any CPU.ActiveCfg = Debug|Any CPU
		{121EC42F-B252-4DC6-A637-9A8D3C23067D}.Debug|Any CPU.Build.0 = Debug|Any CPU
		{121EC42F-B252-4DC6-A637-9A8D3C23067D}.Release|Any CPU.ActiveCfg = Release|Any CPU
		{121EC42F-B252-4DC6-A637-9A8D3C23067D}.Release|Any CPU.Build.0 = Release|Any CPU
		{0CCE8042-08DA-4265-AAD2-FADDA9751B65}.Debug|Any CPU.ActiveCfg = Debug|Any CPU
		{0CCE8042-08DA-4265-AAD2-FADDA9751B65}.Debug|Any CPU.Build.0 = Debug|Any CPU
		{0CCE8042-08DA-4265-AAD2-FADDA9751B65}.Release|Any CPU.ActiveCfg = Release|Any CPU
		{0CCE8042-08DA-4265-AAD2-FADDA9751B65}.Release|Any CPU.Build.0 = Release|Any CPU
		{2D7B943D-C146-44DA-AF82-E67EAA912D57}.Debug|Any CPU.ActiveCfg = Debug|Any CPU
		{2D7B943D-C146-44DA-AF82-E67EAA912D57}.Debug|Any CPU.Build.0 = Debug|Any CPU
		{2D7B943D-C146-44DA-AF82-E67EAA912D57}.Release|Any CPU.ActiveCfg = Release|Any CPU
		{2D7B943D-C146-44DA-AF82-E67EAA912D57}.Release|Any CPU.Build.0 = Release|Any CPU
		{0DBDD3B5-92FD-456A-A4BB-5E6978B12A1A}.Debug|Any CPU.ActiveCfg = Debug|Any CPU
		{0DBDD3B5-92FD-456A-A4BB-5E6978B12A1A}.Debug|Any CPU.Build.0 = Debug|Any CPU
		{0DBDD3B5-92FD-456A-A4BB-5E6978B12A1A}.Release|Any CPU.ActiveCfg = Release|Any CPU
		{0DBDD3B5-92FD-456A-A4BB-5E6978B12A1A}.Release|Any CPU.Build.0 = Release|Any CPU
		{8C1ED496-C530-469D-B5F2-902197DC872F}.Debug|Any CPU.ActiveCfg = Debug|Any CPU
		{8C1ED496-C530-469D-B5F2-902197DC872F}.Debug|Any CPU.Build.0 = Debug|Any CPU
		{8C1ED496-C530-469D-B5F2-902197DC872F}.Release|Any CPU.ActiveCfg = Release|Any CPU
		{8C1ED496-C530-469D-B5F2-902197DC872F}.Release|Any CPU.Build.0 = Release|Any CPU
	EndGlobalSection
	GlobalSection(SolutionProperties) = preSolution
		HideSolutionNode = FALSE
	EndGlobalSection
	GlobalSection(ExtensibilityGlobals) = postSolution
		SolutionGuid = {AD5B090D-CFF4-49C1-B929-8FECA02C885F}
	EndGlobalSection
EndGlobal
